dependencies:
- name: postgresql
  repository: https://kubernetes-charts.storage.googleapis.com/
  version: 6.5.0
- name: postfix
  repository: file://../../postfix
  version: 0.1.0
digest: sha256:0f7c041d7379102962518e6f07a64ec4503c6f30b30035c9451c697acc09c4e0
generated: "2020-02-06T09:05:14.781598079-08:00"
